
Microsoft Visual Studio Solution File, Format Version 12.00
# Visual Studio Version 17
VisualStudioVersion = 17.5.33516.290
MinimumVisualStudioVersion = 10.0.40219.1
Project("{FAE04EC0-301F-11D3-BF4B-00C04F79EFBC}") = "EmployeesManagerApp", "EmployeesManagerApp.csproj", "{82A86CD2-2D6E-43DB-BE0E-52FE6AE7CDAF}"
EndProject
Project("{FAE04EC0-301F-11D3-BF4B-00C04F79EFBC}") = "EmployeesManagerApp.Tests", "..\EmployeesManagerApp.Tests\EmployeesManagerApp.Tests.csproj", "{FFEC5540-F59F-4DE4-A22B-CDA09BA8EA33}"
EndProject
Global
	GlobalSection(SolutionConfigurationPlatforms) = preSolution
		Debug|Any CPU = Debug|Any CPU
		Release|Any CPU = Release|Any CPU
	EndGlobalSection
	GlobalSection(ProjectConfigurationPlatforms) = postSolution
		{82A86CD2-2D6E-43DB-BE0E-52FE6AE7CDAF}.Debug|Any CPU.ActiveCfg = Debug|Any CPU
		{82A86CD2-2D6E-43DB-BE0E-52FE6AE7CDAF}.Debug|Any CPU.Build.0 = Debug|Any CPU
		{82A86CD2-2D6E-43DB-BE0E-52FE6AE7CDAF}.Release|Any CPU.ActiveCfg = Release|Any CPU
		{82A86CD2-2D6E-43DB-BE0E-52FE6AE7CDAF}.Release|Any CPU.Build.0 = Release|Any CPU
		{FFEC5540-F59F-4DE4-A22B-CDA09BA8EA33}.Debug|Any CPU.ActiveCfg = Debug|Any CPU
		{FFEC5540-F59F-4DE4-A22B-CDA09BA8EA33}.Debug|Any CPU.Build.0 = Debug|Any CPU
		{FFEC5540-F59F-4DE4-A22B-CDA09BA8EA33}.Release|Any CPU.ActiveCfg = Release|Any CPU
		{FFEC5540-F59F-4DE4-A22B-CDA09BA8EA33}.Release|Any CPU.Build.0 = Release|Any CPU
	EndGlobalSection
	GlobalSection(SolutionProperties) = preSolution
		HideSolutionNode = FALSE
	EndGlobalSection
	GlobalSection(ExtensibilityGlobals) = postSolution
		SolutionGuid = {6718ADD0-6DBC-4216-A02D-72311CC5A637}
	EndGlobalSection
EndGlobal
